
Microsoft Visual Studio Solution File, Format Version 12.00
# Visual Studio Version 17
VisualStudioVersion = 17.10.35004.147
MinimumVisualStudioVersion = 10.0.40219.1
Project("{FAE04EC0-301F-11D3-BF4B-00C04F79EFBC}") = "Domaci", "Domaci\Domaci.csproj", "{A7F5B4B9-BE7A-4848-AEFC-A719BBA61F89}"
EndProject
Global
	GlobalSection(SolutionConfigurationPlatforms) = preSolution
		Debug|Any CPU = Debug|Any CPU
		Release|Any CPU = Release|Any CPU
	EndGlobalSection
	GlobalSection(ProjectConfigurationPlatforms) = postSolution
		{A7F5B4B9-BE7A-4848-AEFC-A719BBA61F89}.Debug|Any CPU.ActiveCfg = Debug|Any CPU
		{A7F5B4B9-BE7A-4848-AEFC-A719BBA61F89}.Debug|Any CPU.Build.0 = Debug|Any CPU
		{A7F5B4B9-BE7A-4848-AEFC-A719BBA61F89}.Release|Any CPU.ActiveCfg = Release|Any CPU
		{A7F5B4B9-BE7A-4848-AEFC-A719BBA61F89}.Release|Any CPU.Build.0 = Release|Any CPU
	EndGlobalSection
	GlobalSection(SolutionProperties) = preSolution
		HideSolutionNode = FALSE
	EndGlobalSection
	GlobalSection(ExtensibilityGlobals) = postSolution
		SolutionGuid = {C2C0B032-9A4C-49FC-9C24-D0F7EC507BE8}
	EndGlobalSection
EndGlobal
